
Microsoft Visual Studio Solution File, Format Version 12.00
# Visual Studio Version 17
VisualStudioVersion = 17.9.34607.119
MinimumVisualStudioVersion = 10.0.40219.1
Project("{D2ABAB84-BF74-430A-B69E-9DC6D40DDA17}") = "Analysis Services Tutorial", "Analysis Services Tutorial.dwproj", "{059D7B86-BC09-40F3-874C-ABBC70B8F5CA}"
EndProject
Global
	GlobalSection(SolutionConfigurationPlatforms) = preSolution
		Development|Default = Development|Default
	EndGlobalSection
	GlobalSection(ProjectConfigurationPlatforms) = postSolution
		{059D7B86-BC09-40F3-874C-ABBC70B8F5CA}.Development|Default.ActiveCfg = Development
		{059D7B86-BC09-40F3-874C-ABBC70B8F5CA}.Development|Default.Build.0 = Development
		{059D7B86-BC09-40F3-874C-ABBC70B8F5CA}.Development|Default.Deploy.0 = Development
	EndGlobalSection
	GlobalSection(SolutionProperties) = preSolution
		HideSolutionNode = FALSE
	EndGlobalSection
	GlobalSection(ExtensibilityGlobals) = postSolution
		SolutionGuid = {B727084F-553B-4804-B1F8-C95B28946D63}
	EndGlobalSection
EndGlobal
